
Microsoft Visual Studio Solution File, Format Version 12.00
# Visual Studio Version 17
VisualStudioVersion = 17.11.35327.3
MinimumVisualStudioVersion = 10.0.40219.1
Project("{FAE04EC0-301F-11D3-BF4B-00C04F79EFBC}") = "Calculadora_1", "Calculadora_1.csproj", "{CFE675F6-1966-4D8F-B5D1-CFF914AE1DA8}"
EndProject
Global
	GlobalSection(SolutionConfigurationPlatforms) = preSolution
		Debug|Any CPU = Debug|Any CPU
		Release|Any CPU = Release|Any CPU
	EndGlobalSection
	GlobalSection(ProjectConfigurationPlatforms) = postSolution
		{CFE675F6-1966-4D8F-B5D1-CFF914AE1DA8}.Debug|Any CPU.ActiveCfg = Debug|Any CPU
		{CFE675F6-1966-4D8F-B5D1-CFF914AE1DA8}.Debug|Any CPU.Build.0 = Debug|Any CPU
		{CFE675F6-1966-4D8F-B5D1-CFF914AE1DA8}.Release|Any CPU.ActiveCfg = Release|Any CPU
		{CFE675F6-1966-4D8F-B5D1-CFF914AE1DA8}.Release|Any CPU.Build.0 = Release|Any CPU
	EndGlobalSection
	GlobalSection(SolutionProperties) = preSolution
		HideSolutionNode = FALSE
	EndGlobalSection
	GlobalSection(ExtensibilityGlobals) = postSolution
		SolutionGuid = {3714056B-CCA7-4306-AF32-52683D5CE693}
	EndGlobalSection
EndGlobal
